<Solution>
  <Folder Name="/samples/">
    <File Path="samples/.editorconfig" />
    <Project Path="samples/Sdk.Client.Samples.BlazorWebApp.WebAssemblyHost/Sdk.Client.Samples.BlazorWebApp.WebAssemblyHost.csproj" />
    <Project Path="samples/Sdk.Client.Samples.BlazorWebApp/Sdk.Client.Samples.BlazorWebApp.csproj" />
    <Project Path="samples/Sdk.Client.Samples.BlazorWebAssemblyStandaloneApp/Sdk.Client.Samples.BlazorWebAssemblyStandaloneApp.csproj" />
    <Project Path="samples/Sdk.Client.Samples.Shared/Sdk.Client.Samples.Shared.csproj" />
  </Folder>
  <Folder Name="/SolutionItems/">
    <File Path=".editorconfig" />
    <File Path=".gitattributes" />
    <File Path=".gitignore" />
    <File Path=".gitlab-ci.yml" />
    <File Path=".globalconfig" />
    <File Path="CHANGELOG.md" />
    <File Path="Directory.Build.props" />
    <File Path="Directory.Packages.props" />
    <File Path="eslint.config.mjs" />
    <File Path="global.json" />
    <File Path="mise.toml" />
    <File Path="package.json" />
    <File Path="README.md" />
    <File Path="renovate.json" />
    <File Path="testconfig.json" />
    <File Path="VERSION" />
  </Folder>
  <Folder Name="/SolutionItems/docs/">
    <File Path="docs/code-style-guide.md" />
    <File Path="docs/completion-source-handler-base.md" />
    <File Path="docs/control-panel-guide.md" />
    <File Path="docs/localization-guide.md" />
    <File Path="docs/module-resources-guide.md" />
    <File Path="docs/navigation-tile-guide.md" />
    <File Path="docs/notification-element-guide.md" />
    <File Path="docs/wizard-guide.md" />
  </Folder>
  <Folder Name="/src/">
    <File Path="src/.editorconfig" />
    <Project Path="src/Sdk.Analyzers/Sdk.Analyzers.csproj" />
    <Project Path="src/Sdk.Backend.SourceGenerators/Sdk.Backend.SourceGenerators.csproj" />
    <Project Path="src/Sdk.Backend/Sdk.Backend.csproj" />
    <Project Path="src/Sdk.Client/Sdk.Client.csproj" />
    <Project Path="src/Sdk.Deployment/Sdk.Deployment.csproj" />
    <Project Path="src/Sdk.Testing/Sdk.Testing.csproj" />
    <Project Path="src/Sdk/Sdk.csproj" />
  </Folder>
  <Folder Name="/Tests/">
    <File Path="tests/.editorconfig" />
    <Project Path="tests/Sdk.Analyzers.Tests/Sdk.Analyzers.Tests.csproj" />
    <Project Path="tests/Sdk.Backend.SourceGenerators.Tests/Sdk.Backend.SourceGenerators.Tests.csproj" />
    <Project Path="tests/Sdk.Backend.Tests/Sdk.Backend.Tests.csproj" />
    <Project Path="tests/Sdk.Client.Tests/Sdk.Client.Tests.csproj" />
    <Project Path="tests/Sdk.Testing.Tests/Sdk.Testing.Tests.csproj" />
    <Project Path="tests/Sdk.Tests/Sdk.Tests.csproj" />
    <Project Path="tests/TestModule.Backend/TestModule.Backend.csproj" />
    <Project Path="tests/TestModule.Client/TestModule.Client.csproj" />
  </Folder>
</Solution>
